{
  "version": 2,
  "dependencies": {
    "net10.0": {
      "SmartPipe.Core": {
        "type": "Direct",
        "requested": "[2.2.0, )",
        "resolved": "2.2.0",
        "contentHash": "Qtcm8SYNYC+UmH30OD3qLKwGNx+cMqJeh6hkXTSJKzaYznhqdxiPAX3+EDaIOZ2xB4tkDl0je4Gjvmu5MxMNGg==",
        "dependencies": {
          "Microsoft.Extensions.Logging.Abstractions": "10.0.12"
        }
      },
      "SmartPipe.Extensions": {
        "type": "Direct",
        "requested": "[2.2.0, )",
        "resolved": "2.2.0",
        "contentHash": "+2gNIUOfktlnSp1HTUeRuaeRVqjDqBgebVPw/18dYspdYv+pDUUswsEBmkf3l3IjL/qLi4SSyBf4A3FS5/InvQ==",
        "dependencies": {
          "CsvHelper": "33.1.0",
          "Dapper": "2.1.89",
          "Mapster": "10.0.13",
          "Microsoft.EntityFrameworkCore": "10.0.12",
          "Microsoft.Extensions.Diagnostics.HealthChecks": "10.0.12",
          "Microsoft.Extensions.Hosting.Abstractions": "10.0.12",
          "Microsoft.Extensions.Logging.Abstractions": "10.0.12",
          "Microsoft.Extensions.Options": "10.0.12",
          "SmartPipe.Core": "2.2.0",
          "SmartPipe.Extensions.Channels": "2.2.0",
          "SmartPipe.Extensions.Csv": "2.2.0",
          "SmartPipe.Extensions.Dapper": "2.2.0",
          "SmartPipe.Extensions.DataAnnotations": "2.2.0",
          "SmartPipe.Extensions.DependencyInjection": "2.2.0",
          "SmartPipe.Extensions.EntityFrameworkCore": "2.2.0",
          "SmartPipe.Extensions.HealthChecks": "2.2.0",
          "SmartPipe.Extensions.Hosting": "2.2.0",
          "SmartPipe.Extensions.Http": "2.2.0",
          "SmartPipe.Extensions.Http.Json": "2.2.0",
          "SmartPipe.Extensions.Json": "2.2.0",
          "SmartPipe.Extensions.Logging": "2.2.0",
          "SmartPipe.Extensions.Mapster": "2.2.0",
          "SmartPipe.Extensions.OpenTelemetry": "2.2.0",
          "SmartPipe.Extensions.Polly": "2.2.0",
          "SmartPipe.Extensions.Transforms": "2.2.0"
        }
      },
      "Mapster.Core": {
        "type": "Transitive",
        "resolved": "10.0.13",
        "contentHash": "fLj/MDJy16QiL7IULC0+e2YXh9nNDhtzdNl13R6CI0Qh6181eadA6EHykWkJWgTHdMjC5Ured3fq5x1QV7U9vg=="
      },
      "Microsoft.EntityFrameworkCore.Abstractions": {
        "type": "Transitive",
        "resolved": "10.0.12",
        "contentHash": "kDrux7T6C3V/YYYe2LXr7x6AEsVyq5Y2YoTE9er1SwbDtap3z1g8RgxNh5eKQVyB4T+DKvBBJ4Ezd/VZzJQJZg=="
      },
      "Microsoft.EntityFrameworkCore.Analyzers": {
        "type": "Transitive",
        "resolved": "10.0.12",
        "contentHash": "Kd4o2oO1A6dfKxjz5LS16QyLtpCFTUiFWwmBABETAXRsSImBdRdWeKjSgbbRhAMiV3a3/nWr95ZtzClT4uaADQ=="
      },
      "Microsoft.Extensions.Caching.Abstractions": {
        "type": "Transitive",
        "resolved": "10.0.12",
        "contentHash": "sI3A6MUAyZwccLnwq0cXuRmC3WBtXieimBWafXSfhRJ4jnM2uGVXrqImDDVyW27u4vVaTOGlJxNJd8d1FGvCNQ==",
        "dependencies": {
          "Microsoft.Extensions.Primitives": "10.0.12"
        }
      },
      "Microsoft.Extensions.Caching.Memory": {
        "type": "Transitive",
        "resolved": "10.0.12",
        "contentHash": "fhC3DHcBcFF4bXvHIxFtXJYNut7q7ZItqNFcgWfrIgmpVImlcEKNHhE7ztpNSPJYMHYYStS5QGND2I5mC26yeA==",
        "dependencies": {
          "Microsoft.Extensions.Caching.Abstractions": "10.0.12",
          "Microsoft.Extensions.DependencyInjection.Abstractions": "10.0.12",
          "Microsoft.Extensions.Logging.Abstractions": "10.0.12",
          "Microsoft.Extensions.Options": "10.0.12",
          "Microsoft.Extensions.Primitives": "10.0.12"
        }
      },
      "Microsoft.Extensions.Configuration": {
        "type": "Transitive",
        "resolved": "10.0.12",
        "contentHash": "e3IPP32CRNL031VZJAUTlCTG0YN7WFh4mN3fsSHTDQCJB+3+f0jGycv4fXk3rrftaY3B85XrQaj7sRthrOsavg==",
        "dependencies": {
          "Microsoft.Extensions.Configuration.Abstractions": "10.0.12",
          "Microsoft.Extensions.Primitives": "10.0.12"
        }
      },
      "Microsoft.Extensions.Configuration.Abstractions": {
        "type": "Transitive",
        "resolved": "10.0.12",
        "contentHash": "8xaGcvS/qZ1otoxPQCEJkNva389CVL/plNcvIETZhQTETYdRkYDPEYhUMoAGONo4FU45ufdfE0j29AfWVVj0wA==",
        "dependencies": {
          "Microsoft.Extensions.Primitives": "10.0.12"
        }
      },
      "Microsoft.Extensions.Configuration.Binder": {
        "type": "Transitive",
        "resolved": "10.0.12",
        "contentHash": "dAgIf1TOr8KLs+aBRIbXUZBjHoSH4rDG8+XkX/Q6AZwkQdMA0+yPDKTHsieeXdZDfpOpZVHzOnuAb5Z2nX3KsA==",
        "dependencies": {
          "Microsoft.Extensions.Configuration": "10.0.12",
          "Microsoft.Extensions.Configuration.Abstractions": "10.0.12"
        }
      },
      "Microsoft.Extensions.Diagnostics": {
        "type": "Transitive",
        "resolved": "10.0.12",
        "contentHash": "amx0O/R4dReqKlC3T740+CHpX8D8tAIV0f5kAPfFi4XK9jYo9BSepGt9/rWfvvCoSMaZ1+XvnqPp/Vv2fmTdAg==",
        "dependencies": {
          "Microsoft.Extensions.Configuration": "10.0.12",
          "Microsoft.Extensions.Diagnostics.Abstractions": "10.0.12",
          "Microsoft.Extensions.Options.ConfigurationExtensions": "10.0.12"
        }
      },
      "Microsoft.Extensions.Diagnostics.Abstractions": {
        "type": "Transitive",
        "resolved": "10.0.12",
        "contentHash": "fMp91qlRlMOuHfMyp7LuAnOS+MOeWTF1obJmyFcs4nZCXu6pr+QB1AbFJcl2qpBltBrqF/Y7+Rn9IuNcSuctig==",
        "dependencies": {
          "Microsoft.Extensions.DependencyInjection.Abstractions": "10.0.12",
          "Microsoft.Extensions.Options": "10.0.12"
        }
      },
      "Microsoft.Extensions.Diagnostics.HealthChecks.Abstractions": {
        "type": "Transitive",
        "resolved": "10.0.12",
        "contentHash": "oN4AYFq+50m7a65GgRxRqjdynWS6kVQAH6gHKRTfsrLP/aH7RvxIQ7139fjbnrxBwzfZQtZRhlcjvEIiRzihrg=="
      },
      "Microsoft.Extensions.FileProviders.Abstractions": {
        "type": "Transitive",
        "resolved": "10.0.12",
        "contentHash": "iQseV6HixWzEYQH4i++84ToIroXnM5jC1TJF4EqBz3lWNG1HBTMYDLkRb6Wm3wk5V6WqSfl7NukO/LYsloGyfg==",
        "dependencies": {
          "Microsoft.Extensions.Primitives": "10.0.12"
        }
      },
      "Microsoft.Extensions.Logging": {
        "type": "Transitive",
        "resolved": "10.0.12",
        "contentHash": "6I46fTPfgYkrjRYfRXbho9WOvOelTnNjWuZws/hzGHDASH1LEJeA4VKK9k3wJvido8o7jJSB5WkMTonX7HM1bA==",
        "dependencies": {
          "Microsoft.Extensions.DependencyInjection": "10.0.12",
          "Microsoft.Extensions.Logging.Abstractions": "10.0.12",
          "Microsoft.Extensions.Options": "10.0.12"
        }
      },
      "Microsoft.Extensions.Options.ConfigurationExtensions": {
        "type": "Transitive",
        "resolved": "10.0.12",
        "contentHash": "rqpu4qj5WE9x1IHGXSIgHBKi7IUlQaHyp4aXCYIanG2OghlUMFZpZTgExaXwcvmLAJHsxKQWMPpc7D2WIbCVtA==",
        "dependencies": {
          "Microsoft.Extensions.Configuration.Abstractions": "10.0.12",
          "Microsoft.Extensions.Configuration.Binder": "10.0.12",
          "Microsoft.Extensions.DependencyInjection.Abstractions": "10.0.12",
          "Microsoft.Extensions.Options": "10.0.12",
          "Microsoft.Extensions.Primitives": "10.0.12"
        }
      },
      "Microsoft.Extensions.Primitives": {
        "type": "Transitive",
        "resolved": "10.0.12",
        "contentHash": "dYfCLR52UA+3DL7C4I/pvSaRPkNqxrUAQmbFL2u0zvYKKzqgrFCJl08Df+F1aYc8leu9JvpC9bsURUdpExcBXQ=="
      },
      "OpenTelemetry.Api": {
        "type": "Transitive",
        "resolved": "1.17.0",
        "contentHash": "mSBxzomZgHIJu9CyVNqyDu/n2JHEtqVgfcCD1Br0cV5iLYogjZOMqhlVLt99PEp+0KGBNUR3GXgeOdN2GR3F9g=="
      },
      "CsvHelper": {
        "type": "CentralTransitive",
        "requested": "[33.1.0, )",
        "resolved": "33.1.0",
        "contentHash": "kqfTOZGrn7NarNeXgjh86JcpTHUoeQDMB8t9NVa/ZtlSYiV1rxfRnQ49WaJsob4AiGrbK0XDzpyKkBwai4F8eg=="
      },
      "Dapper": {
        "type": "CentralTransitive",
        "requested": "[2.1.89, )",
        "resolved": "2.1.89",
        "contentHash": "1VjFE664wnxvuhlgP8kS4PeFFF4jqD3VkbIHW6Zlc52zuibgcz5ICnIHcQXlTp6pURpPNGLV0ZpNe5x9KePJnA=="
      },
      "Mapster": {
        "type": "CentralTransitive",
        "requested": "[10.0.13, )",
        "resolved": "10.0.13",
        "contentHash": "/FaFSm4W6rQp5kEZa7yTtvHH2yGmuC1p22Bg2zi83+W8SMJ+5RBTEWgRK0JS2S8jIdXj2hm2s4z1egjkE2azoQ==",
        "dependencies": {
          "Mapster.Core": "10.0.13"
        }
      },
      "Microsoft.EntityFrameworkCore": {
        "type": "CentralTransitive",
        "requested": "[10.0.12, )",
        "resolved": "10.0.12",
        "contentHash": "e7OrVN8U5yr4kuwdTHWBHGVQIVsGfMkAr0Ej1/BnrS989Q0XBVANpIzNZ2bc1GvMZ0/XwMt5InTnmKskxGy99Q==",
        "dependencies": {
          "Microsoft.EntityFrameworkCore.Abstractions": "10.0.12",
          "Microsoft.EntityFrameworkCore.Analyzers": "10.0.12",
          "Microsoft.Extensions.Caching.Memory": "10.0.12",
          "Microsoft.Extensions.Logging": "10.0.12"
        }
      },
      "Microsoft.Extensions.DependencyInjection": {
        "type": "CentralTransitive",
        "requested": "[10.0.12, )",
        "resolved": "10.0.12",
        "contentHash": "lXyK2O5GoYvfxW8eCFcD16JFbcoSTM1sJkAM0UHS1jZyl9NYMW64Tqm6OQFT0IDBjZi+xHt95/Zg+nxZhGFhZg==",
        "dependencies": {
          "Microsoft.Extensions.DependencyInjection.Abstractions": "10.0.12"
        }
      },
      "Microsoft.Extensions.DependencyInjection.Abstractions": {
        "type": "CentralTransitive",
        "requested": "[10.0.12, )",
        "resolved": "10.0.12",
        "contentHash": "9/qymSh7hVDMGTGwrLz8MRp5zRyXy9adGDOs4HwRdnLil3oZGYuWeZjbmHgCQ9BL1qBroVfgUK3U/nb61617Cw=="
      },
      "Microsoft.Extensions.Diagnostics.HealthChecks": {
        "type": "CentralTransitive",
        "requested": "[10.0.12, )",
        "resolved": "10.0.12",
        "contentHash": "Ck8nkBxEYPOGtUCp0whKwfE4qAHBnsK0DY1kgZLKvzf7s9xyr4lASa4K4AKNN1VHy7r3Z1Z57U6C0TMzFjD8ig==",
        "dependencies": {
          "Microsoft.Extensions.Diagnostics.HealthChecks.Abstractions": "10.0.12",
          "Microsoft.Extensions.Hosting.Abstractions": "10.0.12",
          "Microsoft.Extensions.Logging.Abstractions": "10.0.12",
          "Microsoft.Extensions.Options": "10.0.12"
        }
      },
      "Microsoft.Extensions.Hosting.Abstractions": {
        "type": "CentralTransitive",
        "requested": "[10.0.12, )",
        "resolved": "10.0.12",
        "contentHash": "ZlIxIJtWmrph0Ikj0svSaTkZ+d+ZYpTAhazpf1b3aoFRmlNnNWwkcvqnqT9yKHjKvfBRthvUrkq11OxfItOhpg==",
        "dependencies": {
          "Microsoft.Extensions.Configuration.Abstractions": "10.0.12",
          "Microsoft.Extensions.DependencyInjection.Abstractions": "10.0.12",
          "Microsoft.Extensions.Diagnostics.Abstractions": "10.0.12",
          "Microsoft.Extensions.FileProviders.Abstractions": "10.0.12",
          "Microsoft.Extensions.Logging.Abstractions": "10.0.12"
        }
      },
      "Microsoft.Extensions.Http": {
        "type": "CentralTransitive",
        "requested": "[10.0.12, )",
        "resolved": "10.0.12",
        "contentHash": "x/fnoUGgmIUjSgLR1p6Mpi/vXc1Xe0xDPJnggPp23I6vwM/kY4nxyOjo8i6G5KPVw+esJM+rJsqnHbdjasvCBw==",
        "dependencies": {
          "Microsoft.Extensions.Configuration.Abstractions": "10.0.12",
          "Microsoft.Extensions.DependencyInjection.Abstractions": "10.0.12",
          "Microsoft.Extensions.Diagnostics": "10.0.12",
          "Microsoft.Extensions.Logging": "10.0.12",
          "Microsoft.Extensions.Logging.Abstractions": "10.0.12",
          "Microsoft.Extensions.Options": "10.0.12"
        }
      },
      "Microsoft.Extensions.Logging.Abstractions": {
        "type": "CentralTransitive",
        "requested": "[10.0.12, )",
        "resolved": "10.0.12",
        "contentHash": "+24lC4plfbEDNfLAdTV/SWKS7dW+16X4HdydO3R++134kSNTzcbYA4KpR1Hdh6uWisB8Za3AzwyOn+K+NxWIug==",
        "dependencies": {
          "Microsoft.Extensions.DependencyInjection.Abstractions": "10.0.12"
        }
      },
      "Microsoft.Extensions.Options": {
        "type": "CentralTransitive",
        "requested": "[10.0.12, )",
        "resolved": "10.0.12",
        "contentHash": "TDYD33TSRpXKZWlmTXNlj5kCihxatmv2Ec1u6C+bMYLphCS7PoSLE9Pjd/nunDoE7yETk+LLKjVJX78HYtWjpA==",
        "dependencies": {
          "Microsoft.Extensions.DependencyInjection.Abstractions": "10.0.12",
          "Microsoft.Extensions.Primitives": "10.0.12"
        }
      },
      "OpenTelemetry.Api.ProviderBuilderExtensions": {
        "type": "CentralTransitive",
        "requested": "[1.17.0, )",
        "resolved": "1.17.0",
        "contentHash": "Xgc3Qf9B9TFMFpx6exTdGqMWuYIT2miNzkdMPutVvT9YuMFaEovXWke1Gb6z8NxYaQbbGF38vYLuSg1JCeui5Q==",
        "dependencies": {
          "Microsoft.Extensions.DependencyInjection.Abstractions": "10.0.0",
          "OpenTelemetry.Api": "1.17.0"
        }
      },
      "Polly.Core": {
        "type": "CentralTransitive",
        "requested": "[8.8.0, )",
        "resolved": "8.8.0",
        "contentHash": "TewV9uNFsoRFggoFbTAGFwsMYPuckA+wTIpQPyhLL9BANRPQRENz2S4bwATrB3HBOakN5oKLFIllPiDnVecmJg=="
      },
      "SmartPipe.Extensions.Channels": {
        "type": "CentralTransitive",
        "requested": "[2.2.0, )",
        "resolved": "2.2.0",
        "contentHash": "/kMytA0+y1fnD5T1mbd5Dxa90F+aL56nScvwyEgmA5ObXb7NieZwDLVaM1IXSukJtkikwfZ98a/JA2KoExm3XA==",
        "dependencies": {
          "SmartPipe.Core": "2.2.0"
        }
      },
      "SmartPipe.Extensions.Csv": {
        "type": "CentralTransitive",
        "requested": "[2.2.0, )",
        "resolved": "2.2.0",
        "contentHash": "MJGoT24sOfvL/ZAv8Ef0kjQ/EAbHNfmEaJ3xH28RYYB7ymVEy300rikxeLTCRbfgokz4BoFM406ZqBbPDMkBrA==",
        "dependencies": {
          "CsvHelper": "33.1.0",
          "Microsoft.Extensions.Logging.Abstractions": "10.0.12",
          "SmartPipe.Core": "2.2.0"
        }
      },
      "SmartPipe.Extensions.Dapper": {
        "type": "CentralTransitive",
        "requested": "[2.2.0, )",
        "resolved": "2.2.0",
        "contentHash": "MO9mKGaFsGYhH40NWzEMrMUsbGBd3LHt5NZ9ZT/zhiu29fmA606SnSeX9AizhapBRU9Tm9NEvgCQ0/ybnDQCrQ==",
        "dependencies": {
          "Dapper": "2.1.89",
          "Microsoft.Extensions.Logging.Abstractions": "10.0.12",
          "SmartPipe.Core": "2.2.0"
        }
      },
      "SmartPipe.Extensions.DataAnnotations": {
        "type": "CentralTransitive",
        "requested": "[2.2.0, )",
        "resolved": "2.2.0",
        "contentHash": "bDemvVua9WKEPAvStmcJHGoDzEuio3WM3Z/tyFC5SCUUAu25pKUclnj7HvDQauhObXcR9KfzxYgGc6eISurbMg==",
        "dependencies": {
          "SmartPipe.Core": "2.2.0",
          "SmartPipe.Extensions.Transforms": "2.2.0"
        }
      },
      "SmartPipe.Extensions.DependencyInjection": {
        "type": "CentralTransitive",
        "requested": "[2.2.0, )",
        "resolved": "2.2.0",
        "contentHash": "u9JUBBYrMXljtpJs9qcvAUi5RtSRqT5hchbuS43Jlpgj4OQjW0vs3z2WGCHEH8vo/0+XVNVmsVYgGbj+GWXVMg==",
        "dependencies": {
          "Microsoft.Extensions.DependencyInjection.Abstractions": "10.0.12",
          "SmartPipe.Core": "2.2.0"
        }
      },
      "SmartPipe.Extensions.EntityFrameworkCore": {
        "type": "CentralTransitive",
        "requested": "[2.2.0, )",
        "resolved": "2.2.0",
        "contentHash": "zx4xaFeMjLtjsaG7o/k0l1oSW8NnkUVT5uwnf9bl/5IwP4h4dQtSig0q3zyZKNeoC3qdrXdM/hkfxdKMIjFrgw==",
        "dependencies": {
          "Microsoft.EntityFrameworkCore": "10.0.12",
          "Microsoft.Extensions.Logging.Abstractions": "10.0.12",
          "SmartPipe.Core": "2.2.0"
        }
      },
      "SmartPipe.Extensions.HealthChecks": {
        "type": "CentralTransitive",
        "requested": "[2.2.0, )",
        "resolved": "2.2.0",
        "contentHash": "LPA+W7iuWwBu1+XICtsoE7r9muIwmkdAmQJ2c8DFLq+pMRpUbk0FfXRMAP+kHUsPbAsN9DKBzN4+o7wZWb62pg==",
        "dependencies": {
          "Microsoft.Extensions.DependencyInjection.Abstractions": "10.0.12",
          "Microsoft.Extensions.Diagnostics.HealthChecks": "10.0.12",
          "Microsoft.Extensions.Options": "10.0.12",
          "SmartPipe.Core": "2.2.0",
          "SmartPipe.Extensions.DependencyInjection": "2.2.0"
        }
      },
      "SmartPipe.Extensions.Hosting": {
        "type": "CentralTransitive",
        "requested": "[2.2.0, )",
        "resolved": "2.2.0",
        "contentHash": "BhcdHqhwsuNEyNNLZpE1Jk2eyNat7RJwn9Ao+KW+Bskb2SeC81bbqDpYYs3WW26wePtfNWqaVMZJZWa+9LLjlQ==",
        "dependencies": {
          "Microsoft.Extensions.DependencyInjection.Abstractions": "10.0.12",
          "Microsoft.Extensions.Hosting.Abstractions": "10.0.12",
          "Microsoft.Extensions.Logging.Abstractions": "10.0.12",
          "SmartPipe.Core": "2.2.0",
          "SmartPipe.Extensions.DependencyInjection": "2.2.0"
        }
      },
      "SmartPipe.Extensions.Http": {
        "type": "CentralTransitive",
        "requested": "[2.2.0, )",
        "resolved": "2.2.0",
        "contentHash": "xZNAHmV7qSZ0uibHVIEEQzAKZcXMa14nXb/5WP6WDqp1a/LCcLq+ScAexkmGBuqYUjSS8hBEjFfaOeQxcr298Q==",
        "dependencies": {
          "Microsoft.Extensions.Http": "10.0.12",
          "Microsoft.Extensions.Logging.Abstractions": "10.0.12",
          "SmartPipe.Core": "2.2.0"
        }
      },
      "SmartPipe.Extensions.Http.Json": {
        "type": "CentralTransitive",
        "requested": "[2.2.0, )",
        "resolved": "2.2.0",
        "contentHash": "p/ulGFOZeChLWmk2btA8wpwQhQ1RJJbXSPEuijlNVIIWTGtJALQT2mMBw4Gl3C4eJ+pYlBv6W74HPJpRV4IYZA==",
        "dependencies": {
          "SmartPipe.Extensions.Http": "2.2.0",
          "SmartPipe.Extensions.Json": "2.2.0"
        }
      },
      "SmartPipe.Extensions.Json": {
        "type": "CentralTransitive",
        "requested": "[2.2.0, )",
        "resolved": "2.2.0",
        "contentHash": "AArB0DLz5bptXGvR/H9e/TmhqpfxqHdqqmPlhsb0+AVNd2V0H0OogmQ9AWZwZ5pLiWYj2ynjhChUdiXXsDBLSg==",
        "dependencies": {
          "Microsoft.Extensions.Logging.Abstractions": "10.0.12",
          "SmartPipe.Core": "2.2.0"
        }
      },
      "SmartPipe.Extensions.Logging": {
        "type": "CentralTransitive",
        "requested": "[2.2.0, )",
        "resolved": "2.2.0",
        "contentHash": "uD1gJf2wMnLLoaD/iiYaN4DKKXPkII1tgl+dDMTg3pwHU0MavRtR2kHM5v34UvkGBF3LIdE6IhVyFBUTw+a7vw==",
        "dependencies": {
          "Microsoft.Extensions.Logging.Abstractions": "10.0.12",
          "SmartPipe.Core": "2.2.0"
        }
      },
      "SmartPipe.Extensions.Mapster": {
        "type": "CentralTransitive",
        "requested": "[2.2.0, )",
        "resolved": "2.2.0",
        "contentHash": "/prd3xc8XCOyhud3QpUG9RDzuUTm9fVJjUbV9O4+ywUav3xmDjOg1f3FXGd560ce8Tn+/ZJ+tkGzh9gKDMhjTg==",
        "dependencies": {
          "Mapster": "10.0.13",
          "SmartPipe.Core": "2.2.0"
        }
      },
      "SmartPipe.Extensions.OpenTelemetry": {
        "type": "CentralTransitive",
        "requested": "[2.2.0, )",
        "resolved": "2.2.0",
        "contentHash": "ttGbMUVSt+cU4XpY3jeOBaKiUGpntnqsijLUcjhvasdi1lduOu+GTbYlIJvkuqF1iJqEqOKBdpq7tI50bXjTTQ==",
        "dependencies": {
          "OpenTelemetry.Api.ProviderBuilderExtensions": "1.17.0",
          "SmartPipe.Core": "2.2.0"
        }
      },
      "SmartPipe.Extensions.Polly": {
        "type": "CentralTransitive",
        "requested": "[2.2.0, )",
        "resolved": "2.2.0",
        "contentHash": "n4CON2kiW+Fh5QpWko94J6sh6hgHTKZpnwytmB4SQIr0ItfLtLgZ0p7hWc8gsqhLlLtvW4nlzEk7SOjPwRQWnw==",
        "dependencies": {
          "Polly.Core": "8.8.0",
          "SmartPipe.Core": "2.2.0"
        }
      },
      "SmartPipe.Extensions.Transforms": {
        "type": "CentralTransitive",
        "requested": "[2.2.0, )",
        "resolved": "2.2.0",
        "contentHash": "2v/mw85GwRC18kNKWrnOmEWy2hAZei8xFo2N+ZJya/WjLI4R0YmwUXfAWhpXPSHcDjxzBqmgZ4bFPa1KedzHAw==",
        "dependencies": {
          "SmartPipe.Core": "2.2.0"
        }
      }
    }
  }
}