{
  "version": 2,
  "dependencies": {
    "net10.0": {
      "SmartPipe.Core": {
        "type": "Direct",
        "requested": "[2.2.0, )",
        "resolved": "2.2.0",
        "contentHash": "3rUPGXxRrNRssjPjEGOz9VxAUfcmBn8kvh1rSuKELQmGTIRjSwQ9DBkhXnINduvDbMHyQhQw8aGIEXBHNUPWrw==",
        "dependencies": {
          "Microsoft.Extensions.Logging.Abstractions": "10.0.11"
        }
      },
      "SmartPipe.Extensions": {
        "type": "Direct",
        "requested": "[2.2.0, )",
        "resolved": "2.2.0",
        "contentHash": "sOhUTNUj/wkZd+ptMpaldmdCUnZPOVdLdwqO+CHz6USslXXTDlHRNz5EqMIo5a4J7RpRkXZdUaKNSEApk4tG6Q==",
        "dependencies": {
          "CsvHelper": "33.1.0",
          "Dapper": "2.1.79",
          "Mapster": "10.0.10",
          "Microsoft.EntityFrameworkCore": "10.0.11",
          "Microsoft.Extensions.Diagnostics.HealthChecks": "10.0.11",
          "Microsoft.Extensions.Hosting.Abstractions": "10.0.11",
          "Microsoft.Extensions.Http": "10.0.11",
          "Microsoft.Extensions.Logging.Abstractions": "10.0.11",
          "Microsoft.Extensions.Options": "10.0.11",
          "Microsoft.Extensions.Resilience": "10.6.0",
          "SmartPipe.Core": "2.2.0",
          "SmartPipe.Extensions.Channels": "2.2.0",
          "SmartPipe.Extensions.Csv": "2.2.0",
          "SmartPipe.Extensions.DataAnnotations": "2.2.0",
          "SmartPipe.Extensions.DependencyInjection": "2.2.0",
          "SmartPipe.Extensions.Hosting": "2.2.0",
          "SmartPipe.Extensions.Json": "2.2.0",
          "SmartPipe.Extensions.Logging": "2.2.0",
          "SmartPipe.Extensions.Transforms": "2.2.0"
        }
      },
      "Mapster.Core": {
        "type": "Transitive",
        "resolved": "10.0.10",
        "contentHash": "EsBABlsVcE/25SJQx4pi+6LB6jwih3mTpedWD9X8aybvunpDIRS5tQErdJLY7tfpDTA2xTmnCre/qwcAxNcbmw=="
      },
      "Microsoft.EntityFrameworkCore.Abstractions": {
        "type": "Transitive",
        "resolved": "10.0.11",
        "contentHash": "6auJR+9+9VunznKfH7WGrHMrnrmA0F7JZ22EXzwXvVhjfnbu9Xq7NSIWaOf3KJsOanM2qf5ajJ2JR5TlcPZTLA=="
      },
      "Microsoft.EntityFrameworkCore.Analyzers": {
        "type": "Transitive",
        "resolved": "10.0.11",
        "contentHash": "Bv7X4wSSnzCQED9WYXKJ8fwgyvKwf0xZM1GO8xkf6CF9zl+UBnvjxmcPnokJRy0JKjc1SlHSzzhx1HcL4jitTQ=="
      },
      "Microsoft.Extensions.Caching.Abstractions": {
        "type": "Transitive",
        "resolved": "10.0.11",
        "contentHash": "vUl798SmruTqqlt/xH2gDk3tJlhk6k3HdOXAHirlRfbNKDym4g/kRpUL9S4sl6F6FsOTOMW+ZsDapqlZMOOiEw==",
        "dependencies": {
          "Microsoft.Extensions.Primitives": "10.0.11"
        }
      },
      "Microsoft.Extensions.Caching.Memory": {
        "type": "Transitive",
        "resolved": "10.0.11",
        "contentHash": "el1g0mBEbDBGY2bT9mcSfrTWO8QlPdq2nOCnvQugioOFwHV+bVBMeiakoI0dNOdj8d6Hi9K6HY2xzRUWJiDR3w==",
        "dependencies": {
          "Microsoft.Extensions.Caching.Abstractions": "10.0.11",
          "Microsoft.Extensions.DependencyInjection.Abstractions": "10.0.11",
          "Microsoft.Extensions.Logging.Abstractions": "10.0.11",
          "Microsoft.Extensions.Options": "10.0.11",
          "Microsoft.Extensions.Primitives": "10.0.11"
        }
      },
      "Microsoft.Extensions.Compliance.Abstractions": {
        "type": "Transitive",
        "resolved": "10.6.0",
        "contentHash": "L8zTKn8e2LCQbsDFLWFm6fZQ54F/1FisLx43nkEof4HmmsO2HaZHshV85+qF8HXO48MlGJdrWUg+uVBj/WDmmw==",
        "dependencies": {
          "Microsoft.Extensions.DependencyInjection.Abstractions": "10.0.8",
          "Microsoft.Extensions.ObjectPool": "10.0.8"
        }
      },
      "Microsoft.Extensions.Configuration": {
        "type": "Transitive",
        "resolved": "10.0.11",
        "contentHash": "wlhRqZW8LcJPa+vk2oLAc/REXDItHtkFQdf/QcXYGZbZOO13izcsKY1pCvuFQYwUiZD+hwSZwsKASjqT+BNaVg==",
        "dependencies": {
          "Microsoft.Extensions.Configuration.Abstractions": "10.0.11",
          "Microsoft.Extensions.Primitives": "10.0.11"
        }
      },
      "Microsoft.Extensions.Configuration.Abstractions": {
        "type": "Transitive",
        "resolved": "10.0.11",
        "contentHash": "fVi053xdpda9Em7vSkmgVxO/PtgC2m78ekReKWsgcyskqY0U82Bz/MONwxpGzI0hElYKJfw+fupqMVeKW3fSaA==",
        "dependencies": {
          "Microsoft.Extensions.Primitives": "10.0.11"
        }
      },
      "Microsoft.Extensions.Configuration.Binder": {
        "type": "Transitive",
        "resolved": "10.0.11",
        "contentHash": "rFn8RuszZn3qquPVkDytMUlPc2+rXl9MCoygwc1XmAgC5vg5/oXJ8hkOosOrLoBLsqdTy4lFwP6iQdPS9uSYOA==",
        "dependencies": {
          "Microsoft.Extensions.Configuration": "10.0.11",
          "Microsoft.Extensions.Configuration.Abstractions": "10.0.11"
        }
      },
      "Microsoft.Extensions.Diagnostics": {
        "type": "Transitive",
        "resolved": "10.0.11",
        "contentHash": "HT70uGPxMLqqnOzKMcnQtDmeV4r0KHr4qVCLhP7SXil9jMEm8sQXwcybxVVFGXZJ1V44xV0mLqQ54aZbcR2OiQ==",
        "dependencies": {
          "Microsoft.Extensions.Configuration": "10.0.11",
          "Microsoft.Extensions.Diagnostics.Abstractions": "10.0.11",
          "Microsoft.Extensions.Options.ConfigurationExtensions": "10.0.11"
        }
      },
      "Microsoft.Extensions.Diagnostics.Abstractions": {
        "type": "Transitive",
        "resolved": "10.0.11",
        "contentHash": "se7Kx8QpJEt+nf26L4qIVAofGTDr1wbexxsh/Fm3Xc04xUkqUXK06KUS7FLwSQYSjqb7q9n+T7MEcXYBhI1Y5g==",
        "dependencies": {
          "Microsoft.Extensions.DependencyInjection.Abstractions": "10.0.11",
          "Microsoft.Extensions.Options": "10.0.11"
        }
      },
      "Microsoft.Extensions.Diagnostics.ExceptionSummarization": {
        "type": "Transitive",
        "resolved": "10.6.0",
        "contentHash": "dpkWVFSg8JT1BBL33+lF3pY52En3y8qoHvtc5esMx8TVrxRXuzqIjca6MqyODpGfg5/NK4bpOYZDYBOAr8PSrA==",
        "dependencies": {
          "Microsoft.Extensions.DependencyInjection.Abstractions": "10.0.8"
        }
      },
      "Microsoft.Extensions.Diagnostics.HealthChecks.Abstractions": {
        "type": "Transitive",
        "resolved": "10.0.11",
        "contentHash": "5DCBP95vpklAkEfIbT2yzunianCeRtjaLrmAwoIgTf+xOJGFMmkAut/p3R2YmZL7TM1dnV81adGIg4m7Kg6wUw=="
      },
      "Microsoft.Extensions.FileProviders.Abstractions": {
        "type": "Transitive",
        "resolved": "10.0.11",
        "contentHash": "JOjac6SQQgZmdmB8WGEw61/7siqMZoWJMkmq2p1goJGxqI59lO6oB4bOl0jNsbaPBdYy5Mlkb+6U7T4+CjnD8Q==",
        "dependencies": {
          "Microsoft.Extensions.Primitives": "10.0.11"
        }
      },
      "Microsoft.Extensions.Logging": {
        "type": "Transitive",
        "resolved": "10.0.11",
        "contentHash": "nUOJwgFkSiLHiVGFpU22pIJtuWYewuSYQ3JVuP/gdK8ASMT807Px+TYQiRWs6uSsOmoyFTaVCwKXTasczV6BpA==",
        "dependencies": {
          "Microsoft.Extensions.DependencyInjection": "10.0.11",
          "Microsoft.Extensions.Logging.Abstractions": "10.0.11",
          "Microsoft.Extensions.Options": "10.0.11"
        }
      },
      "Microsoft.Extensions.ObjectPool": {
        "type": "Transitive",
        "resolved": "10.0.8",
        "contentHash": "aQBFbY8i/dacE0fP+ZJ8Lhx/unYRnGHhtM+tHb46GLkeNjBdOzgFk88sX6BVZBhoa6JrYIOBGYTc5K4WItBsag=="
      },
      "Microsoft.Extensions.Options.ConfigurationExtensions": {
        "type": "Transitive",
        "resolved": "10.0.11",
        "contentHash": "syEhXQ/sEaSBFaqzlp9gDGHX/nk6gkQkh1sIUpBO1mlBj3Phu1rmb4ML1uCiyPW9N6Kxfxv3y5FGObC+bV01Qw==",
        "dependencies": {
          "Microsoft.Extensions.Configuration.Abstractions": "10.0.11",
          "Microsoft.Extensions.Configuration.Binder": "10.0.11",
          "Microsoft.Extensions.DependencyInjection.Abstractions": "10.0.11",
          "Microsoft.Extensions.Options": "10.0.11",
          "Microsoft.Extensions.Primitives": "10.0.11"
        }
      },
      "Microsoft.Extensions.Primitives": {
        "type": "Transitive",
        "resolved": "10.0.11",
        "contentHash": "SXcz+kF+4Oo9b1+55zntpJFYfwb1jw66ioxptyNOOTDc8g2FHnBFWjZpsWfCvZIhzr0x+4e2trVTs4OKwQfBtw=="
      },
      "Microsoft.Extensions.Telemetry.Abstractions": {
        "type": "Transitive",
        "resolved": "10.6.0",
        "contentHash": "aNQEJu5DD2YVQEWWmC/ALEiV1Qt400BaDO+SExtfAaGqYaNu/r2sW9xGLuc71fcjbrmzqX8LzNgK5mzjjMW9RQ==",
        "dependencies": {
          "Microsoft.Extensions.Compliance.Abstractions": "10.6.0",
          "Microsoft.Extensions.Logging.Abstractions": "10.0.8",
          "Microsoft.Extensions.ObjectPool": "10.0.8",
          "Microsoft.Extensions.Options": "10.0.8"
        }
      },
      "Polly.Core": {
        "type": "Transitive",
        "resolved": "8.4.2",
        "contentHash": "BpE2I6HBYYA5tF0Vn4eoQOGYTYIK1BlF5EXVgkWGn3mqUUjbXAr13J6fZVbp7Q3epRR8yshacBMlsHMhpOiV3g=="
      },
      "Polly.Extensions": {
        "type": "Transitive",
        "resolved": "8.4.2",
        "contentHash": "GZ9vRVmR0jV2JtZavt+pGUsQ1O1cuRKG7R7VOZI6ZDy9y6RNPvRvXK1tuS4ffUrv8L0FTea59oEuQzgS0R7zSA==",
        "dependencies": {
          "Microsoft.Extensions.Logging.Abstractions": "8.0.0",
          "Microsoft.Extensions.Options": "8.0.0",
          "Polly.Core": "8.4.2"
        }
      },
      "Polly.RateLimiting": {
        "type": "Transitive",
        "resolved": "8.4.2",
        "contentHash": "ehTImQ/eUyO07VYW2WvwSmU9rRH200SKJ/3jku9rOkyWE0A2JxNFmAVms8dSn49QLSjmjFRRSgfNyOgr/2PSmA==",
        "dependencies": {
          "Polly.Core": "8.4.2",
          "System.Threading.RateLimiting": "8.0.0"
        }
      },
      "System.Threading.RateLimiting": {
        "type": "Transitive",
        "resolved": "8.0.0",
        "contentHash": "7mu9v0QDv66ar3DpGSZHg9NuNcxDaaAcnMULuZlaTpP9+hwXhrxNGsF5GmLkSHxFdb5bBc1TzeujsRgTrPWi+Q=="
      },
      "CsvHelper": {
        "type": "CentralTransitive",
        "requested": "[33.1.0, )",
        "resolved": "33.1.0",
        "contentHash": "kqfTOZGrn7NarNeXgjh86JcpTHUoeQDMB8t9NVa/ZtlSYiV1rxfRnQ49WaJsob4AiGrbK0XDzpyKkBwai4F8eg=="
      },
      "Dapper": {
        "type": "CentralTransitive",
        "requested": "[2.1.79, )",
        "resolved": "2.1.79",
        "contentHash": "8YijbzgTfmqmQOnVNorYM6K++pxqnW3nJ4aC1sRHzxUA2CcuoJ9gsTem3kgBnPRMc38zZHl4Esb6hAezXIEEuw=="
      },
      "Mapster": {
        "type": "CentralTransitive",
        "requested": "[10.0.10, )",
        "resolved": "10.0.10",
        "contentHash": "kAMFaMKi13GxNXmpd9JiTYXjZD5B1+UN5eCke3E4hrCZLwNPyMCOF7CGyZvuiEJHfq2/ZWsXnqUR9PIZ1viB1A==",
        "dependencies": {
          "Mapster.Core": "10.0.10"
        }
      },
      "Microsoft.EntityFrameworkCore": {
        "type": "CentralTransitive",
        "requested": "[10.0.11, )",
        "resolved": "10.0.11",
        "contentHash": "VOSGU8en6HZJs8t7UMFN+9vGcRgVOOn6fA44Ngcg2NyvJ3P1KE94iAb0XzaVaGhXGtt+qaM/VtEn0/hzluQJeg==",
        "dependencies": {
          "Microsoft.EntityFrameworkCore.Abstractions": "10.0.11",
          "Microsoft.EntityFrameworkCore.Analyzers": "10.0.11",
          "Microsoft.Extensions.Caching.Memory": "10.0.11",
          "Microsoft.Extensions.Logging": "10.0.11"
        }
      },
      "Microsoft.Extensions.DependencyInjection": {
        "type": "CentralTransitive",
        "requested": "[10.0.11, )",
        "resolved": "10.0.11",
        "contentHash": "PSmotV19c7E3lKed++uYo1kSiXFI+uTl37CBSrhq+CfLC3FCHjG7R91+xPnNehQfHS1b0Tzo/CCLPWH3qaEheg==",
        "dependencies": {
          "Microsoft.Extensions.DependencyInjection.Abstractions": "10.0.11"
        }
      },
      "Microsoft.Extensions.DependencyInjection.Abstractions": {
        "type": "CentralTransitive",
        "requested": "[10.0.11, )",
        "resolved": "10.0.11",
        "contentHash": "/a1aJz4m7ylhEDf25ugQChLQoN5XwoGjWw/BoR/ZWWKsO1v4DdJElS1uyngahz4B/eOzjFk1KNTkarRLE5wsIg=="
      },
      "Microsoft.Extensions.Diagnostics.HealthChecks": {
        "type": "CentralTransitive",
        "requested": "[10.0.11, )",
        "resolved": "10.0.11",
        "contentHash": "fzUGzOCLquuyIxVVvvcw9h8KaUrRZ/cGTai2gBDQ1YxbdH/8eZnSyoOu+PQJYoD+RUcgTTlVe6D4+FrcaUOR9w==",
        "dependencies": {
          "Microsoft.Extensions.Diagnostics.HealthChecks.Abstractions": "10.0.11",
          "Microsoft.Extensions.Hosting.Abstractions": "10.0.11",
          "Microsoft.Extensions.Logging.Abstractions": "10.0.11",
          "Microsoft.Extensions.Options": "10.0.11"
        }
      },
      "Microsoft.Extensions.Hosting.Abstractions": {
        "type": "CentralTransitive",
        "requested": "[10.0.11, )",
        "resolved": "10.0.11",
        "contentHash": "pwtpF7iF/NNaOBcX+pvMZ7y2+JAVbH5KkNrH9uMZtuVxVJsFTDiWiCR7Tk3HVptsAijaetipUZVRVK2LLq+nvA==",
        "dependencies": {
          "Microsoft.Extensions.Configuration.Abstractions": "10.0.11",
          "Microsoft.Extensions.DependencyInjection.Abstractions": "10.0.11",
          "Microsoft.Extensions.Diagnostics.Abstractions": "10.0.11",
          "Microsoft.Extensions.FileProviders.Abstractions": "10.0.11",
          "Microsoft.Extensions.Logging.Abstractions": "10.0.11"
        }
      },
      "Microsoft.Extensions.Http": {
        "type": "CentralTransitive",
        "requested": "[10.0.11, )",
        "resolved": "10.0.11",
        "contentHash": "ujx8RvcKzkxPFBguwgiygbwWVHVK0P7HFlNJ6I0JBRb28tzwe42jixBoA+dGmqG9IHepPVcm04vv2IDnU93ekA==",
        "dependencies": {
          "Microsoft.Extensions.Configuration.Abstractions": "10.0.11",
          "Microsoft.Extensions.DependencyInjection.Abstractions": "10.0.11",
          "Microsoft.Extensions.Diagnostics": "10.0.11",
          "Microsoft.Extensions.Logging": "10.0.11",
          "Microsoft.Extensions.Logging.Abstractions": "10.0.11",
          "Microsoft.Extensions.Options": "10.0.11"
        }
      },
      "Microsoft.Extensions.Logging.Abstractions": {
        "type": "CentralTransitive",
        "requested": "[10.0.11, )",
        "resolved": "10.0.11",
        "contentHash": "Ljd0Uxoq5XpScD2Bg0nM/r3mwx7Ao5Uq24eo2ARxbGvqJ7Zht6rt2cJtwVRH4Cv+1ZVMdXz6TB43KbpmsxRrvQ==",
        "dependencies": {
          "Microsoft.Extensions.DependencyInjection.Abstractions": "10.0.11"
        }
      },
      "Microsoft.Extensions.Options": {
        "type": "CentralTransitive",
        "requested": "[10.0.11, )",
        "resolved": "10.0.11",
        "contentHash": "eY1GAKcTfD2maP27J84X9IovT3yjHJ2dVDzPmDg6/XqYvt3jMzJhtfQCLjG9pVsZGAd+8DQ2QrjaDcs2+VQLGw==",
        "dependencies": {
          "Microsoft.Extensions.DependencyInjection.Abstractions": "10.0.11",
          "Microsoft.Extensions.Primitives": "10.0.11"
        }
      },
      "Microsoft.Extensions.Resilience": {
        "type": "CentralTransitive",
        "requested": "[10.6.0, )",
        "resolved": "10.6.0",
        "contentHash": "n3ARODKBYCZAJEaDiWqXQnrjh9FXBs1yTwmWUUNgvLdJmLo/MTtz60M2t1By1jIt+I3u82/W4L5xJy8abzPUyw==",
        "dependencies": {
          "Microsoft.Extensions.Diagnostics": "10.0.8",
          "Microsoft.Extensions.Diagnostics.ExceptionSummarization": "10.6.0",
          "Microsoft.Extensions.Options.ConfigurationExtensions": "10.0.8",
          "Microsoft.Extensions.Telemetry.Abstractions": "10.6.0",
          "Polly.Extensions": "8.4.2",
          "Polly.RateLimiting": "8.4.2"
        }
      },
      "SmartPipe.Extensions.Channels": {
        "type": "CentralTransitive",
        "requested": "[2.2.0, )",
        "resolved": "2.2.0",
        "contentHash": "qjN/KsbQ0UdfhFqyHp+PRRsP+5nVCjfdkU0COIWeo3FhOp6qv/1KdDsTbsgfFsKj4J004fk7vVhvcBgehNnF/A==",
        "dependencies": {
          "SmartPipe.Core": "2.2.0"
        }
      },
      "SmartPipe.Extensions.Csv": {
        "type": "CentralTransitive",
        "requested": "[2.2.0, )",
        "resolved": "2.2.0",
        "contentHash": "tRAkZ5T+n1YUkSEiAGLffwUJ0vVvqV0uxLABv4Ugt2JZQ3TaMLQ7g8rJajEiBwgQPY5KdLUgkpyRyNKS454cag==",
        "dependencies": {
          "CsvHelper": "33.1.0",
          "Microsoft.Extensions.Logging.Abstractions": "10.0.11",
          "SmartPipe.Core": "2.2.0"
        }
      },
      "SmartPipe.Extensions.DataAnnotations": {
        "type": "CentralTransitive",
        "requested": "[2.2.0, )",
        "resolved": "2.2.0",
        "contentHash": "NQ9pfg3HGPKPd80AEWFOQWO+HxDe27/1ZWvu2keXzCv/7g2MIdGf3xF/qLNEoPrcGamv90ghyIlz++sAkAbnhw==",
        "dependencies": {
          "SmartPipe.Core": "2.2.0",
          "SmartPipe.Extensions.Transforms": "2.2.0"
        }
      },
      "SmartPipe.Extensions.DependencyInjection": {
        "type": "CentralTransitive",
        "requested": "[2.2.0, )",
        "resolved": "2.2.0",
        "contentHash": "IU3F/lr29LwPJmzlTQW/lE2mjCkoX8SQb9iTWY4Zw5qyO8NvXbBVd95aAQeA4xeBA+b6b6UvF0SffTnm9bonUw==",
        "dependencies": {
          "Microsoft.Extensions.DependencyInjection.Abstractions": "10.0.11",
          "SmartPipe.Core": "2.2.0"
        }
      },
      "SmartPipe.Extensions.Hosting": {
        "type": "CentralTransitive",
        "requested": "[2.2.0, )",
        "resolved": "2.2.0",
        "contentHash": "eG4IF+zD7VJarUn3aXBpXD79b/6vKXgE3pMfx2ZHuWc4ECGL4wP8swecP2RsUqkswQHspCLhz8GEPc0kK2lIpg==",
        "dependencies": {
          "Microsoft.Extensions.DependencyInjection.Abstractions": "10.0.11",
          "Microsoft.Extensions.Hosting.Abstractions": "10.0.11",
          "Microsoft.Extensions.Logging.Abstractions": "10.0.11",
          "SmartPipe.Core": "2.2.0",
          "SmartPipe.Extensions.DependencyInjection": "2.2.0"
        }
      },
      "SmartPipe.Extensions.Json": {
        "type": "CentralTransitive",
        "requested": "[2.2.0, )",
        "resolved": "2.2.0",
        "contentHash": "XpotVWj+dguv0olDGqKeEPc/Zi7OVC42NygL+C20eqlZCBhXikIj6baz5JJE/SuGBAYuKqdN2TJG/L1kp8MnxA==",
        "dependencies": {
          "Microsoft.Extensions.Logging.Abstractions": "10.0.11",
          "SmartPipe.Core": "2.2.0"
        }
      },
      "SmartPipe.Extensions.Logging": {
        "type": "CentralTransitive",
        "requested": "[2.2.0, )",
        "resolved": "2.2.0",
        "contentHash": "bx9/7keA/6oGvESkVxCzIJ1rT246Ft66Dv5L5dv2/wC7GauPR1WlTPo4GHMtqzivlqB5wECKvjpebVX7fpTkzQ==",
        "dependencies": {
          "Microsoft.Extensions.Logging.Abstractions": "10.0.11",
          "SmartPipe.Core": "2.2.0"
        }
      },
      "SmartPipe.Extensions.Transforms": {
        "type": "CentralTransitive",
        "requested": "[2.2.0, )",
        "resolved": "2.2.0",
        "contentHash": "NHHwk388Wp3o/Aq86m9wEUa8y4ESBb6RxQxhpijeKzHfZuADr/y8rJMILwQrG/IU1usFO0Xv96I7ogKUZE5Kqg==",
        "dependencies": {
          "SmartPipe.Core": "2.2.0"
        }
      }
    }
  }
}